
Microsoft Visual Studio Solution File, Format Version 12.00
# Visual Studio Version 16
VisualStudioVersion = 16.0.31605.320
MinimumVisualStudioVersion = 10.0.40219.1
Project("{FAE04EC0-301F-11D3-BF4B-00C04F79EFBC}") = "GYMproject", "GYMproject\GYMproject.csproj", "{CC2AA06A-22D7-4656-A10F-BD927EF92994}"
EndProject
Global
	GlobalSection(SolutionConfigurationPlatforms) = preSolution
		Debug|Any CPU = Debug|Any CPU
		Release|Any CPU = Release|Any CPU
	EndGlobalSection
	GlobalSection(ProjectConfigurationPlatforms) = postSolution
		{CC2AA06A-22D7-4656-A10F-BD927EF92994}.Debug|Any CPU.ActiveCfg = Debug|Any CPU
		{CC2AA06A-22D7-4656-A10F-BD927EF92994}.Debug|Any CPU.Build.0 = Debug|Any CPU
		{CC2AA06A-22D7-4656-A10F-BD927EF92994}.Release|Any CPU.ActiveCfg = Release|Any CPU
		{CC2AA06A-22D7-4656-A10F-BD927EF92994}.Release|Any CPU.Build.0 = Release|Any CPU
	EndGlobalSection
	GlobalSection(SolutionProperties) = preSolution
		HideSolutionNode = FALSE
	EndGlobalSection
	GlobalSection(ExtensibilityGlobals) = postSolution
		SolutionGuid = {64ECB6E9-2C66-491F-9EF0-34F3D9664E6F}
	EndGlobalSection
EndGlobal
